
Microsoft Visual Studio Solution File, Format Version 12.00
# Visual Studio Version 17
VisualStudioVersion = 17.0.32014.148
MinimumVisualStudioVersion = 10.0.40219.1
Project("{FAE04EC0-301F-11D3-BF4B-00C04F79EFBC}") = "FactoryPatternExersize", "FactoryPatternExersize\FactoryPatternExersize.csproj", "{65FB58FB-0A42-469E-859C-2EDB3CDA0007}"
EndProject
Global
	GlobalSection(SolutionConfigurationPlatforms) = preSolution
		Debug|Any CPU = Debug|Any CPU
		Release|Any CPU = Release|Any CPU
	EndGlobalSection
	GlobalSection(ProjectConfigurationPlatforms) = postSolution
		{65FB58FB-0A42-469E-859C-2EDB3CDA0007}.Debug|Any CPU.ActiveCfg = Debug|Any CPU
		{65FB58FB-0A42-469E-859C-2EDB3CDA0007}.Debug|Any CPU.Build.0 = Debug|Any CPU
		{65FB58FB-0A42-469E-859C-2EDB3CDA0007}.Release|Any CPU.ActiveCfg = Release|Any CPU
		{65FB58FB-0A42-469E-859C-2EDB3CDA0007}.Release|Any CPU.Build.0 = Release|Any CPU
	EndGlobalSection
	GlobalSection(SolutionProperties) = preSolution
		HideSolutionNode = FALSE
	EndGlobalSection
	GlobalSection(ExtensibilityGlobals) = postSolution
		SolutionGuid = {04CB024F-72F2-4221-BE84-71C43404AF7B}
	EndGlobalSection
EndGlobal
